// !$*UTF8*$!
{
	archiveVersion = 1;
	classes = {
	};
	objectVersion = 56;
	objects = {

/* Begin PBXBuildFile section */
		09C464072B64C9E800CEBAD2 /* AppetizersApp.swift in Sources */ = {isa = PBXBuildFile; fileRef = 09C464062B64C9E800CEBAD2 /* AppetizersApp.swift */; };
		09C464092B64C9E800CEBAD2 /* AppetizerTabView.swift in Sources */ = {isa = PBXBuildFile; fileRef = 09C464082B64C9E800CEBAD2 /* AppetizerTabView.swift */; };
		09C4640B2B64C9EA00CEBAD2 /* Assets.xcassets in Resources */ = {isa = PBXBuildFile; fileRef = 09C4640A2B64C9EA00CEBAD2 /* Assets.xcassets */; };
		09C4640E2B64C9EA00CEBAD2 /* Preview Assets.xcassets in Resources */ = {isa = PBXBuildFile; fileRef = 09C4640D2B64C9EA00CEBAD2 /* Preview Assets.xcassets */; };
		09C464152B64CA4D00CEBAD2 /* AppetizerListView.swift in Sources */ = {isa = PBXBuildFile; fileRef = 09C464142B64CA4D00CEBAD2 /* AppetizerListView.swift */; };
		09C464172B64CA5500CEBAD2 /* AccountView.swift in Sources */ = {isa = PBXBuildFile; fileRef = 09C464162B64CA5500CEBAD2 /* AccountView.swift */; };
		09C464192B64CA6A00CEBAD2 /* OrderView.swift in Sources */ = {isa = PBXBuildFile; fileRef = 09C464182B64CA6A00CEBAD2 /* OrderView.swift */; };
		09C4641B2B64CF7D00CEBAD2 /* Appetizer.swift in Sources */ = {isa = PBXBuildFile; fileRef = 09C4641A2B64CF7D00CEBAD2 /* Appetizer.swift */; };
		09C4641D2B64D33400CEBAD2 /* AppetizerListCell.swift in Sources */ = {isa = PBXBuildFile; fileRef = 09C4641C2B64D33400CEBAD2 /* AppetizerListCell.swift */; };
		09C4641F2B64D3BD00CEBAD2 /* NetworkManager.swift in Sources */ = {isa = PBXBuildFile; fileRef = 09C4641E2B64D3BD00CEBAD2 /* NetworkManager.swift */; };
		09C464212B64D63F00CEBAD2 /* APError.swift in Sources */ = {isa = PBXBuildFile; fileRef = 09C464202B64D63F00CEBAD2 /* APError.swift */; };
		09C464232B64EBA100CEBAD2 /* AppetizerListViewModel.swift in Sources */ = {isa = PBXBuildFile; fileRef = 09C464222B64EBA100CEBAD2 /* AppetizerListViewModel.swift */; };
		09C464252B64ECAF00CEBAD2 /* Alert.swift in Sources */ = {isa = PBXBuildFile; fileRef = 09C464242B64ECAF00CEBAD2 /* Alert.swift */; };
		09C464272B64EF8D00CEBAD2 /* LoadingView.swift in Sources */ = {isa = PBXBuildFile; fileRef = 09C464262B64EF8D00CEBAD2 /* LoadingView.swift */; };
		09C464292B64F03000CEBAD2 /* Color+Ext.swift in Sources */ = {isa = PBXBuildFile; fileRef = 09C464282B64F03000CEBAD2 /* Color+Ext.swift */; };
		09C4642B2B64F67300CEBAD2 /* RemoteImage.swift in Sources */ = {isa = PBXBuildFile; fileRef = 09C4642A2B64F67300CEBAD2 /* RemoteImage.swift */; };
		09C4643A2B64FBC200CEBAD2 /* AppetizerDetailView.swift in Sources */ = {isa = PBXBuildFile; fileRef = 09C464392B64FBC200CEBAD2 /* AppetizerDetailView.swift */; };
		09C4643D2B65040800CEBAD2 /* APButton.swift in Sources */ = {isa = PBXBuildFile; fileRef = 09C4643C2B65040800CEBAD2 /* APButton.swift */; };
		09C4643F2B6504F400CEBAD2 /* XDismissButton.swift in Sources */ = {isa = PBXBuildFile; fileRef = 09C4643E2B6504F400CEBAD2 /* XDismissButton.swift */; };
		09C464412B650B8B00CEBAD2 /* AccountViewModel.swift in Sources */ = {isa = PBXBuildFile; fileRef = 09C464402B650B8B00CEBAD2 /* AccountViewModel.swift */; };
		09C464432B650D2000CEBAD2 /* String+Ext.swift in Sources */ = {isa = PBXBuildFile; fileRef = 09C464422B650D2000CEBAD2 /* String+Ext.swift */; };
		09C464452B650FE100CEBAD2 /* User.swift in Sources */ = {isa = PBXBuildFile; fileRef = 09C464442B650FE100CEBAD2 /* User.swift */; };
		09C464482B65159700CEBAD2 /* EmptyState.swift in Sources */ = {isa = PBXBuildFile; fileRef = 09C464472B65159700CEBAD2 /* EmptyState.swift */; };
		09C4644A2B6517C900CEBAD2 /* Order.swift in Sources */ = {isa = PBXBuildFile; fileRef = 09C464492B6517C900CEBAD2 /* Order.swift */; };
		09C4644C2B651EF800CEBAD2 /* CustomModifiers.swift in Sources */ = {isa = PBXBuildFile; fileRef = 09C4644B2B651EF800CEBAD2 /* CustomModifiers.swift */; };
		09C464522B679E2200CEBAD2 /* Date+Ext.swift in Sources */ = {isa = PBXBuildFile; fileRef = 09C464512B679E2200CEBAD2 /* Date+Ext.swift */; };
/* End PBXBuildFile section */

/* Begin PBXFileReference section */
		09C464032B64C9E800CEBAD2 /* Appetizers.app */ = {isa = PBXFileReference; explicitFileType = wrapper.application; includeInIndex = 0; path = Appetizers.app; sourceTree = BUILT_PRODUCTS_DIR; };
		09C464062B64C9E800CEBAD2 /* AppetizersApp.swift */ = {isa = PBXFileReference; lastKnownFileType = sourcecode.swift; path = AppetizersApp.swift; sourceTree = "<group>"; };
		09C464082B64C9E800CEBAD2 /* AppetizerTabView.swift */ = {isa = PBXFileReference; lastKnownFileType = sourcecode.swift; path = AppetizerTabView.swift; sourceTree = "<group>"; };
		09C4640A2B64C9EA00CEBAD2 /* Assets.xcassets */ = {isa = PBXFileReference; lastKnownFileType = folder.assetcatalog; path = Assets.xcassets; sourceTree = "<group>"; };
		09C4640D2B64C9EA00CEBAD2 /* Preview Assets.xcassets */ = {isa = PBXFileReference; lastKnownFileType = folder.assetcatalog; path = "Preview Assets.xcassets"; sourceTree = "<group>"; };
		09C464142B64CA4D00CEBAD2 /* AppetizerListView.swift */ = {isa = PBXFileReference; lastKnownFileType = sourcecode.swift; path = AppetizerListView.swift; sourceTree = "<group>"; };
		09C464162B64CA5500CEBAD2 /* AccountView.swift */ = {isa = PBXFileReference; lastKnownFileType = sourcecode.swift; path = AccountView.swift; sourceTree = "<group>"; };
		09C464182B64CA6A00CEBAD2 /* OrderView.swift */ = {isa = PBXFileReference; lastKnownFileType = sourcecode.swift; path = OrderView.swift; sourceTree = "<group>"; };
		09C4641A2B64CF7D00CEBAD2 /* Appetizer.swift */ = {isa = PBXFileReference; lastKnownFileType = sourcecode.swift; path = Appetizer.swift; sourceTree = "<group>"; };
		09C4641C2B64D33400CEBAD2 /* AppetizerListCell.swift */ = {isa = PBXFileReference; lastKnownFileType = sourcecode.swift; path = AppetizerListCell.swift; sourceTree = "<group>"; };
		09C4641E2B64D3BD00CEBAD2 /* NetworkManager.swift */ = {isa = PBXFileReference; lastKnownFileType = sourcecode.swift; path = NetworkManager.swift; sourceTree = "<group>"; };
		09C464202B64D63F00CEBAD2 /* APError.swift */ = {isa = PBXFileReference; lastKnownFileType = sourcecode.swift; path = APError.swift; sourceTree = "<group>"; };
		09C464222B64EBA100CEBAD2 /* AppetizerListViewModel.swift */ = {isa = PBXFileReference; lastKnownFileType = sourcecode.swift; path = AppetizerListViewModel.swift; sourceTree = "<group>"; };
		09C464242B64ECAF00CEBAD2 /* Alert.swift */ = {isa = PBXFileReference; lastKnownFileType = sourcecode.swift; path = Alert.swift; sourceTree = "<group>"; };
		09C464262B64EF8D00CEBAD2 /* LoadingView.swift */ = {isa = PBXFileReference; lastKnownFileType = sourcecode.swift; path = LoadingView.swift; sourceTree = "<group>"; };
		09C464282B64F03000CEBAD2 /* Color+Ext.swift */ = {isa = PBXFileReference; lastKnownFileType = sourcecode.swift; path = "Color+Ext.swift"; sourceTree = "<group>"; };
		09C4642A2B64F67300CEBAD2 /* RemoteImage.swift */ = {isa = PBXFileReference; lastKnownFileType = sourcecode.swift; path = RemoteImage.swift; sourceTree = "<group>"; };
		09C464392B64FBC200CEBAD2 /* AppetizerDetailView.swift */ = {isa = PBXFileReference; lastKnownFileType = sourcecode.swift; path = AppetizerDetailView.swift; sourceTree = "<group>"; };
		09C4643C2B65040800CEBAD2 /* APButton.swift */ = {isa = PBXFileReference; lastKnownFileType = sourcecode.swift; path = APButton.swift; sourceTree = "<group>"; };
		09C4643E2B6504F400CEBAD2 /* XDismissButton.swift */ = {isa = PBXFileReference; lastKnownFileType = sourcecode.swift; path = XDismissButton.swift; sourceTree = "<group>"; };
		09C464402B650B8B00CEBAD2 /* AccountViewModel.swift */ = {isa = PBXFileReference; lastKnownFileType = sourcecode.swift; path = AccountViewModel.swift; sourceTree = "<group>"; };
		09C464422B650D2000CEBAD2 /* String+Ext.swift */ = {isa = PBXFileReference; lastKnownFileType = sourcecode.swift; path = "String+Ext.swift"; sourceTree = "<group>"; };
		09C464442B650FE100CEBAD2 /* User.swift */ = {isa = PBXFileReference; lastKnownFileType = sourcecode.swift; path = User.swift; sourceTree = "<group>"; };
		09C464472B65159700CEBAD2 /* EmptyState.swift */ = {isa = PBXFileReference; lastKnownFileType = sourcecode.swift; path = EmptyState.swift; sourceTree = "<group>"; };
		09C464492B6517C900CEBAD2 /* Order.swift */ = {isa = PBXFileReference; lastKnownFileType = sourcecode.swift; path = Order.swift; sourceTree = "<group>"; };
		09C4644B2B651EF800CEBAD2 /* CustomModifiers.swift */ = {isa = PBXFileReference; lastKnownFileType = sourcecode.swift; path = CustomModifiers.swift; sourceTree = "<group>"; };
		09C464512B679E2200CEBAD2 /* Date+Ext.swift */ = {isa = PBXFileReference; lastKnownFileType = sourcecode.swift; path = "Date+Ext.swift"; sourceTree = "<group>"; };
/* End PBXFileReference section */

/* Begin PBXFrameworksBuildPhase section */
		09C464002B64C9E800CEBAD2 /* Frameworks */ = {
			isa = PBXFrameworksBuildPhase;
			buildActionMask = 2147483647;
			files = (
			);
			runOnlyForDeploymentPostprocessing = 0;
		};
/* End PBXFrameworksBuildPhase section */

/* Begin PBXGroup section */
		09C463FA2B64C9E800CEBAD2 = {
			isa = PBXGroup;
			children = (
				09C464052B64C9E800CEBAD2 /* Appetizers */,
				09C464042B64C9E800CEBAD2 /* Products */,
			);
			sourceTree = "<group>";
		};
		09C464042B64C9E800CEBAD2 /* Products */ = {
			isa = PBXGroup;
			children = (
				09C464032B64C9E800CEBAD2 /* Appetizers.app */,
			);
			name = Products;
			sourceTree = "<group>";
		};
		09C464052B64C9E800CEBAD2 /* Appetizers */ = {
			isa = PBXGroup;
			children = (
				09C464342B64FA9800CEBAD2 /* Model */,
				09C464302B64FA1700CEBAD2 /* Utilities */,
				09C464352B64FAC200CEBAD2 /* Views */,
				09C4642C2B64F96100CEBAD2 /* Screens */,
				09C464062B64C9E800CEBAD2 /* AppetizersApp.swift */,
				09C4640A2B64C9EA00CEBAD2 /* Assets.xcassets */,
				09C4640C2B64C9EA00CEBAD2 /* Preview Content */,
			);
			path = Appetizers;
			sourceTree = "<group>";
		};
		09C4640C2B64C9EA00CEBAD2 /* Preview Content */ = {
			isa = PBXGroup;
			children = (
				09C4640D2B64C9EA00CEBAD2 /* Preview Assets.xcassets */,
			);
			path = "Preview Content";
			sourceTree = "<group>";
		};
		09C4642C2B64F96100CEBAD2 /* Screens */ = {
			isa = PBXGroup;
			children = (
				09C464082B64C9E800CEBAD2 /* AppetizerTabView.swift */,
				09C4642D2B64F96D00CEBAD2 /* AppetizerListView */,
				09C4642E2B64F97C00CEBAD2 /* AccountView */,
				09C4642F2B64F98D00CEBAD2 /* OrderView */,
			);
			path = Screens;
			sourceTree = "<group>";
		};
		09C4642D2B64F96D00CEBAD2 /* AppetizerListView */ = {
			isa = PBXGroup;
			children = (
				09C464222B64EBA100CEBAD2 /* AppetizerListViewModel.swift */,
				09C464142B64CA4D00CEBAD2 /* AppetizerListView.swift */,
				09C464392B64FBC200CEBAD2 /* AppetizerDetailView.swift */,
			);
			path = AppetizerListView;
			sourceTree = "<group>";
		};
		09C4642E2B64F97C00CEBAD2 /* AccountView */ = {
			isa = PBXGroup;
			children = (
				09C464402B650B8B00CEBAD2 /* AccountViewModel.swift */,
				09C464162B64CA5500CEBAD2 /* AccountView.swift */,
			);
			path = AccountView;
			sourceTree = "<group>";
		};
		09C4642F2B64F98D00CEBAD2 /* OrderView */ = {
			isa = PBXGroup;
			children = (
				09C464182B64CA6A00CEBAD2 /* OrderView.swift */,
			);
			path = OrderView;
			sourceTree = "<group>";
		};
		09C464302B64FA1700CEBAD2 /* Utilities */ = {
			isa = PBXGroup;
			children = (
				09C464332B64FA6A00CEBAD2 /* Alerts */,
				09C464322B64FA4000CEBAD2 /* Extensions */,
				09C464312B64FA2700CEBAD2 /* Managers */,
			);
			path = Utilities;
			sourceTree = "<group>";
		};
		09C464312B64FA2700CEBAD2 /* Managers */ = {
			isa = PBXGroup;
			children = (
				09C4641E2B64D3BD00CEBAD2 /* NetworkManager.swift */,
			);
			path = Managers;
			sourceTree = "<group>";
		};
		09C464322B64FA4000CEBAD2 /* Extensions */ = {
			isa = PBXGroup;
			children = (
				09C464282B64F03000CEBAD2 /* Color+Ext.swift */,
				09C464422B650D2000CEBAD2 /* String+Ext.swift */,
				09C464512B679E2200CEBAD2 /* Date+Ext.swift */,
			);
			path = Extensions;
			sourceTree = "<group>";
		};
		09C464332B64FA6A00CEBAD2 /* Alerts */ = {
			isa = PBXGroup;
			children = (
				09C464202B64D63F00CEBAD2 /* APError.swift */,
				09C464242B64ECAF00CEBAD2 /* Alert.swift */,
			);
			path = Alerts;
			sourceTree = "<group>";
		};
		09C464342B64FA9800CEBAD2 /* Model */ = {
			isa = PBXGroup;
			children = (
				09C4641A2B64CF7D00CEBAD2 /* Appetizer.swift */,
				09C464442B650FE100CEBAD2 /* User.swift */,
				09C464492B6517C900CEBAD2 /* Order.swift */,
			);
			path = Model;
			sourceTree = "<group>";
		};
		09C464352B64FAC200CEBAD2 /* Views */ = {
			isa = PBXGroup;
			children = (
				09C464462B65158300CEBAD2 /* Empty States */,
				09C4643B2B6503F400CEBAD2 /* Buttons */,
				09C464382B64FAED00CEBAD2 /* Image */,
				09C464372B64FAE000CEBAD2 /* Cells */,
				09C464362B64FAC900CEBAD2 /* UIKit Components */,
				09C4644B2B651EF800CEBAD2 /* CustomModifiers.swift */,
			);
			path = Views;
			sourceTree = "<group>";
		};
		09C464362B64FAC900CEBAD2 /* UIKit Components */ = {
			isa = PBXGroup;
			children = (
				09C464262B64EF8D00CEBAD2 /* LoadingView.swift */,
			);
			path = "UIKit Components";
			sourceTree = "<group>";
		};
		09C464372B64FAE000CEBAD2 /* Cells */ = {
			isa = PBXGroup;
			children = (
				09C4641C2B64D33400CEBAD2 /* AppetizerListCell.swift */,
			);
			path = Cells;
			sourceTree = "<group>";
		};
		09C464382B64FAED00CEBAD2 /* Image */ = {
			isa = PBXGroup;
			children = (
				09C4642A2B64F67300CEBAD2 /* RemoteImage.swift */,
			);
			path = Image;
			sourceTree = "<group>";
		};
		09C4643B2B6503F400CEBAD2 /* Buttons */ = {
			isa = PBXGroup;
			children = (
				09C4643C2B65040800CEBAD2 /* APButton.swift */,
				09C4643E2B6504F400CEBAD2 /* XDismissButton.swift */,
			);
			path = Buttons;
			sourceTree = "<group>";
		};
		09C464462B65158300CEBAD2 /* Empty States */ = {
			isa = PBXGroup;
			children = (
				09C464472B65159700CEBAD2 /* EmptyState.swift */,
			);
			path = "Empty States";
			sourceTree = "<group>";
		};
/* End PBXGroup section */

/* Begin PBXNativeTarget section */
		09C464022B64C9E800CEBAD2 /* Appetizers */ = {
			isa = PBXNativeTarget;
			buildConfigurationList = 09C464112B64C9EA00CEBAD2 /* Build configuration list for PBXNativeTarget "Appetizers" */;
			buildPhases = (
				09C463FF2B64C9E800CEBAD2 /* Sources */,
				09C464002B64C9E800CEBAD2 /* Frameworks */,
				09C464012B64C9E800CEBAD2 /* Resources */,
			);
			buildRules = (
			);
			dependencies = (
			);
			name = Appetizers;
			productName = Appetizers;
			productReference = 09C464032B64C9E800CEBAD2 /* Appetizers.app */;
			productType = "com.apple.product-type.application";
		};
/* End PBXNativeTarget section */

/* Begin PBXProject section */
		09C463FB2B64C9E800CEBAD2 /* Project object */ = {
			isa = PBXProject;
			attributes = {
				BuildIndependentTargetsInParallel = 1;
				LastSwiftUpdateCheck = 1500;
				LastUpgradeCheck = 1500;
				TargetAttributes = {
					09C464022B64C9E800CEBAD2 = {
						CreatedOnToolsVersion = 15.0.1;
					};
				};
			};
			buildConfigurationList = 09C463FE2B64C9E800CEBAD2 /* Build configuration list for PBXProject "Appetizers" */;
			compatibilityVersion = "Xcode 14.0";
			developmentRegion = en;
			hasScannedForEncodings = 0;
			knownRegions = (
				en,
				Base,
			);
			mainGroup = 09C463FA2B64C9E800CEBAD2;
			productRefGroup = 09C464042B64C9E800CEBAD2 /* Products */;
			projectDirPath = "";
			projectRoot = "";
			targets = (
				09C464022B64C9E800CEBAD2 /* Appetizers */,
			);
		};
/* End PBXProject section */

/* Begin PBXResourcesBuildPhase section */
		09C464012B64C9E800CEBAD2 /* Resources */ = {
			isa = PBXResourcesBuildPhase;
			buildActionMask = 2147483647;
			files = (
				09C4640E2B64C9EA00CEBAD2 /* Preview Assets.xcassets in Resources */,
				09C4640B2B64C9EA00CEBAD2 /* Assets.xcassets in Resources */,
			);
			runOnlyForDeploymentPostprocessing = 0;
		};
/* End PBXResourcesBuildPhase section */

/* Begin PBXSourcesBuildPhase section */
		09C463FF2B64C9E800CEBAD2 /* Sources */ = {
			isa = PBXSourcesBuildPhase;
			buildActionMask = 2147483647;
			files = (
				09C4641B2B64CF7D00CEBAD2 /* Appetizer.swift in Sources */,
				09C464212B64D63F00CEBAD2 /* APError.swift in Sources */,
				09C4643F2B6504F400CEBAD2 /* XDismissButton.swift in Sources */,
				09C464522B679E2200CEBAD2 /* Date+Ext.swift in Sources */,
				09C4641D2B64D33400CEBAD2 /* AppetizerListCell.swift in Sources */,
				09C4644A2B6517C900CEBAD2 /* Order.swift in Sources */,
				09C464412B650B8B00CEBAD2 /* AccountViewModel.swift in Sources */,
				09C464232B64EBA100CEBAD2 /* AppetizerListViewModel.swift in Sources */,
				09C464292B64F03000CEBAD2 /* Color+Ext.swift in Sources */,
				09C464172B64CA5500CEBAD2 /* AccountView.swift in Sources */,
				09C464452B650FE100CEBAD2 /* User.swift in Sources */,
				09C4643D2B65040800CEBAD2 /* APButton.swift in Sources */,
				09C464272B64EF8D00CEBAD2 /* LoadingView.swift in Sources */,
				09C464092B64C9E800CEBAD2 /* AppetizerTabView.swift in Sources */,
				09C4641F2B64D3BD00CEBAD2 /* NetworkManager.swift in Sources */,
				09C4642B2B64F67300CEBAD2 /* RemoteImage.swift in Sources */,
				09C464432B650D2000CEBAD2 /* String+Ext.swift in Sources */,
				09C464482B65159700CEBAD2 /* EmptyState.swift in Sources */,
				09C4643A2B64FBC200CEBAD2 /* AppetizerDetailView.swift in Sources */,
				09C464072B64C9E800CEBAD2 /* AppetizersApp.swift in Sources */,
				09C464252B64ECAF00CEBAD2 /* Alert.swift in Sources */,
				09C4644C2B651EF800CEBAD2 /* CustomModifiers.swift in Sources */,
				09C464152B64CA4D00CEBAD2 /* AppetizerListView.swift in Sources */,
				09C464192B64CA6A00CEBAD2 /* OrderView.swift in Sources */,
			);
			runOnlyForDeploymentPostprocessing = 0;
		};
/* End PBXSourcesBuildPhase section */

/* Begin XCBuildConfiguration section */
		09C4640F2B64C9EA00CEBAD2 /* Debug */ = {
			isa = XCBuildConfiguration;
			buildSettings = {
				ALWAYS_SEARCH_USER_PATHS = NO;
				ASSETCATALOG_COMPILER_GENERATE_SWIFT_ASSET_SYMBOL_EXTENSIONS = YES;
				CLANG_ANALYZER_NONNULL = YES;
				CLANG_ANALYZER_NUMBER_OBJECT_CONVERSION = YES_AGGRESSIVE;
				CLANG_CXX_LANGUAGE_STANDARD = "gnu++20";
				CLANG_ENABLE_MODULES = YES;
				CLANG_ENABLE_OBJC_ARC = YES;
				CLANG_ENABLE_OBJC_WEAK = YES;
				CLANG_WARN_BLOCK_CAPTURE_AUTORELEASING = YES;
				CLANG_WARN_BOOL_CONVERSION = YES;
				CLANG_WARN_COMMA = YES;
				CLANG_WARN_CONSTANT_CONVERSION = YES;
				CLANG_WARN_DEPRECATED_OBJC_IMPLEMENTATIONS = YES;
				CLANG_WARN_DIRECT_OBJC_ISA_USAGE = YES_ERROR;
				CLANG_WARN_DOCUMENTATION_COMMENTS = YES;
				CLANG_WARN_EMPTY_BODY = YES;
				CLANG_WARN_ENUM_CONVERSION = YES;
				CLANG_WARN_INFINITE_RECURSION = YES;
				CLANG_WARN_INT_CONVERSION = YES;
				CLANG_WARN_NON_LITERAL_NULL_CONVERSION = YES;
				CLANG_WARN_OBJC_IMPLICIT_RETAIN_SELF = YES;
				CLANG_WARN_OBJC_LITERAL_CONVERSION = YES;
				CLANG_WARN_OBJC_ROOT_CLASS = YES_ERROR;
				CLANG_WARN_QUOTED_INCLUDE_IN_FRAMEWORK_HEADER = YES;
				CLANG_WARN_RANGE_LOOP_ANALYSIS = YES;
				CLANG_WARN_STRICT_PROTOTYPES = YES;
				CLANG_WARN_SUSPICIOUS_MOVE = YES;
				CLANG_WARN_UNGUARDED_AVAILABILITY = YES_AGGRESSIVE;
				CLANG_WARN_UNREACHABLE_CODE = YES;
				CLANG_WARN__DUPLICATE_METHOD_MATCH = YES;
				COPY_PHASE_STRIP = NO;
				DEBUG_INFORMATION_FORMAT = dwarf;
				ENABLE_STRICT_OBJC_MSGSEND = YES;
				ENABLE_TESTABILITY = YES;
				ENABLE_USER_SCRIPT_SANDBOXING = YES;
				GCC_C_LANGUAGE_STANDARD = gnu17;
				GCC_DYNAMIC_NO_PIC = NO;
				GCC_NO_COMMON_BLOCKS = YES;
				GCC_OPTIMIZATION_LEVEL = 0;
				GCC_PREPROCESSOR_DEFINITIONS = (
					"DEBUG=1",
					"$(inherited)",
				);
				GCC_WARN_64_TO_32_BIT_CONVERSION = YES;
				GCC_WARN_ABOUT_RETURN_TYPE = YES_ERROR;
				GCC_WARN_UNDECLARED_SELECTOR = YES;
				GCC_WARN_UNINITIALIZED_AUTOS = YES_AGGRESSIVE;
				GCC_WARN_UNUSED_FUNCTION = YES;
				GCC_WARN_UNUSED_VARIABLE = YES;
				IPHONEOS_DEPLOYMENT_TARGET = 17.0;
				LOCALIZATION_PREFERS_STRING_CATALOGS = YES;
				MTL_ENABLE_DEBUG_INFO = INCLUDE_SOURCE;
				MTL_FAST_MATH = YES;
				ONLY_ACTIVE_ARCH = YES;
				SDKROOT = iphoneos;
				SWIFT_ACTIVE_COMPILATION_CONDITIONS = "DEBUG $(inherited)";
				SWIFT_OPTIMIZATION_LEVEL = "-Onone";
			};
			name = Debug;
		};
		09C464102B64C9EA00CEBAD2 /* Release */ = {
			isa = XCBuildConfiguration;
			buildSettings = {
				ALWAYS_SEARCH_USER_PATHS = NO;
				ASSETCATALOG_COMPILER_GENERATE_SWIFT_ASSET_SYMBOL_EXTENSIONS = YES;
				CLANG_ANALYZER_NONNULL = YES;
				CLANG_ANALYZER_NUMBER_OBJECT_CONVERSION = YES_AGGRESSIVE;
				CLANG_CXX_LANGUAGE_STANDARD = "gnu++20";
				CLANG_ENABLE_MODULES = YES;
				CLANG_ENABLE_OBJC_ARC = YES;
				CLANG_ENABLE_OBJC_WEAK = YES;
				CLANG_WARN_BLOCK_CAPTURE_AUTORELEASING = YES;
				CLANG_WARN_BOOL_CONVERSION = YES;
				CLANG_WARN_COMMA = YES;
				CLANG_WARN_CONSTANT_CONVERSION = YES;
				CLANG_WARN_DEPRECATED_OBJC_IMPLEMENTATIONS = YES;
				CLANG_WARN_DIRECT_OBJC_ISA_USAGE = YES_ERROR;
				CLANG_WARN_DOCUMENTATION_COMMENTS = YES;
				CLANG_WARN_EMPTY_BODY = YES;
				CLANG_WARN_ENUM_CONVERSION = YES;
				CLANG_WARN_INFINITE_RECURSION = YES;
				CLANG_WARN_INT_CONVERSION = YES;
				CLANG_WARN_NON_LITERAL_NULL_CONVERSION = YES;
				CLANG_WARN_OBJC_IMPLICIT_RETAIN_SELF = YES;
				CLANG_WARN_OBJC_LITERAL_CONVERSION = YES;
				CLANG_WARN_OBJC_ROOT_CLASS = YES_ERROR;
				CLANG_WARN_QUOTED_INCLUDE_IN_FRAMEWORK_HEADER = YES;
				CLANG_WARN_RANGE_LOOP_ANALYSIS = YES;
				CLANG_WARN_STRICT_PROTOTYPES = YES;
				CLANG_WARN_SUSPICIOUS_MOVE = YES;
				CLANG_WARN_UNGUARDED_AVAILABILITY = YES_AGGRESSIVE;
				CLANG_WARN_UNREACHABLE_CODE = YES;
				CLANG_WARN__DUPLICATE_METHOD_MATCH = YES;
				COPY_PHASE_STRIP = NO;
				DEBUG_INFORMATION_FORMAT = "dwarf-with-dsym";
				ENABLE_NS_ASSERTIONS = NO;
				ENABLE_STRICT_OBJC_MSGSEND = YES;
				ENABLE_USER_SCRIPT_SANDBOXING = YES;
				GCC_C_LANGUAGE_STANDARD = gnu17;
				GCC_NO_COMMON_BLOCKS = YES;
				GCC_WARN_64_TO_32_BIT_CONVERSION = YES;
				GCC_WARN_ABOUT_RETURN_TYPE = YES_ERROR;
				GCC_WARN_UNDECLARED_SELECTOR = YES;
				GCC_WARN_UNINITIALIZED_AUTOS = YES_AGGRESSIVE;
				GCC_WARN_UNUSED_FUNCTION = YES;
				GCC_WARN_UNUSED_VARIABLE = YES;
				IPHONEOS_DEPLOYMENT_TARGET = 17.0;
				LOCALIZATION_PREFERS_STRING_CATALOGS = YES;
				MTL_ENABLE_DEBUG_INFO = NO;
				MTL_FAST_MATH = YES;
				SDKROOT = iphoneos;
				SWIFT_COMPILATION_MODE = wholemodule;
				VALIDATE_PRODUCT = YES;
			};
			name = Release;
		};
		09C464122B64C9EA00CEBAD2 /* Debug */ = {
			isa = XCBuildConfiguration;
			buildSettings = {
				ASSETCATALOG_COMPILER_APPICON_NAME = AppIcon;
				ASSETCATALOG_COMPILER_GLOBAL_ACCENT_COLOR_NAME = AccentColor;
				CODE_SIGN_STYLE = Automatic;
				CURRENT_PROJECT_VERSION = 1;
				DEVELOPMENT_ASSET_PATHS = "\"Appetizers/Preview Content\"";
				DEVELOPMENT_TEAM = XC48HTB69A;
				ENABLE_PREVIEWS = YES;
				GENERATE_INFOPLIST_FILE = YES;
				INFOPLIST_KEY_UIApplicationSceneManifest_Generation = YES;
				INFOPLIST_KEY_UIApplicationSupportsIndirectInputEvents = YES;
				INFOPLIST_KEY_UILaunchScreen_Generation = YES;
				INFOPLIST_KEY_UISupportedInterfaceOrientations_iPad = "UIInterfaceOrientationPortrait UIInterfaceOrientationPortraitUpsideDown UIInterfaceOrientationLandscapeLeft UIInterfaceOrientationLandscapeRight";
				INFOPLIST_KEY_UISupportedInterfaceOrientations_iPhone = "UIInterfaceOrientationPortrait UIInterfaceOrientationLandscapeLeft UIInterfaceOrientationLandscapeRight";
				LD_RUNPATH_SEARCH_PATHS = (
					"$(inherited)",
					"@executable_path/Frameworks",
				);
				MARKETING_VERSION = 1.0;
				PRODUCT_BUNDLE_IDENTIFIER = co.bowskietech.Appetizers;
				PRODUCT_NAME = "$(TARGET_NAME)";
				SWIFT_EMIT_LOC_STRINGS = YES;
				SWIFT_VERSION = 5.0;
				TARGETED_DEVICE_FAMILY = "1,2";
			};
			name = Debug;
		};
		09C464132B64C9EA00CEBAD2 /* Release */ = {
			isa = XCBuildConfiguration;
			buildSettings = {
				ASSETCATALOG_COMPILER_APPICON_NAME = AppIcon;
				ASSETCATALOG_COMPILER_GLOBAL_ACCENT_COLOR_NAME = AccentColor;
				CODE_SIGN_STYLE = Automatic;
				CURRENT_PROJECT_VERSION = 1;
				DEVELOPMENT_ASSET_PATHS = "\"Appetizers/Preview Content\"";
				DEVELOPMENT_TEAM = XC48HTB69A;
				ENABLE_PREVIEWS = YES;
				GENERATE_INFOPLIST_FILE = YES;
				INFOPLIST_KEY_UIApplicationSceneManifest_Generation = YES;
				INFOPLIST_KEY_UIApplicationSupportsIndirectInputEvents = YES;
				INFOPLIST_KEY_UILaunchScreen_Generation = YES;
				INFOPLIST_KEY_UISupportedInterfaceOrientations_iPad = "UIInterfaceOrientationPortrait UIInterfaceOrientationPortraitUpsideDown UIInterfaceOrientationLandscapeLeft UIInterfaceOrientationLandscapeRight";
				INFOPLIST_KEY_UISupportedInterfaceOrientations_iPhone = "UIInterfaceOrientationPortrait UIInterfaceOrientationLandscapeLeft UIInterfaceOrientationLandscapeRight";
				LD_RUNPATH_SEARCH_PATHS = (
					"$(inherited)",
					"@executable_path/Frameworks",
				);
				MARKETING_VERSION = 1.0;
				PRODUCT_BUNDLE_IDENTIFIER = co.bowskietech.Appetizers;
				PRODUCT_NAME = "$(TARGET_NAME)";
				SWIFT_EMIT_LOC_STRINGS = YES;
				SWIFT_VERSION = 5.0;
				TARGETED_DEVICE_FAMILY = "1,2";
			};
			name = Release;
		};
/* End XCBuildConfiguration section */

/* Begin XCConfigurationList section */
		09C463FE2B64C9E800CEBAD2 /* Build configuration list for PBXProject "Appetizers" */ = {
			isa = XCConfigurationList;
			buildConfigurations = (
				09C4640F2B64C9EA00CEBAD2 /* Debug */,
				09C464102B64C9EA00CEBAD2 /* Release */,
			);
			defaultConfigurationIsVisible = 0;
			defaultConfigurationName = Release;
		};
		09C464112B64C9EA00CEBAD2 /* Build configuration list for PBXNativeTarget "Appetizers" */ = {
			isa = XCConfigurationList;
			buildConfigurations = (
				09C464122B64C9EA00CEBAD2 /* Debug */,
				09C464132B64C9EA00CEBAD2 /* Release */,
			);
			defaultConfigurationIsVisible = 0;
			defaultConfigurationName = Release;
		};
/* End XCConfigurationList section */
	};
	rootObject = 09C463FB2B64C9E800CEBAD2 /* Project object */;
}
